
Microsoft Visual Studio Solution File, Format Version 12.00
# Visual Studio Version 17
VisualStudioVersion = 17.4.33122.133
MinimumVisualStudioVersion = 10.0.40219.1
Project("{9A19103F-16F7-4668-BE54-9A1E7A4F7556}") = "SaleManagement", "SaleManagement\SaleManagement.csproj", "{252DC260-F15E-4EC7-A010-4A64E1E7E05D}"
EndProject
Global
	GlobalSection(SolutionConfigurationPlatforms) = preSolution
		Debug|Any CPU = Debug|Any CPU
		Release|Any CPU = Release|Any CPU
	EndGlobalSection
	GlobalSection(ProjectConfigurationPlatforms) = postSolution
		{252DC260-F15E-4EC7-A010-4A64E1E7E05D}.Debug|Any CPU.ActiveCfg = Debug|Any CPU
		{252DC260-F15E-4EC7-A010-4A64E1E7E05D}.Debug|Any CPU.Build.0 = Debug|Any CPU
		{252DC260-F15E-4EC7-A010-4A64E1E7E05D}.Release|Any CPU.ActiveCfg = Release|Any CPU
		{252DC260-F15E-4EC7-A010-4A64E1E7E05D}.Release|Any CPU.Build.0 = Release|Any CPU
	EndGlobalSection
	GlobalSection(SolutionProperties) = preSolution
		HideSolutionNode = FALSE
	EndGlobalSection
	GlobalSection(ExtensibilityGlobals) = postSolution
		SolutionGuid = {371C7E65-9056-4A94-8847-08D6FEEFFF2A}
	EndGlobalSection
EndGlobal
